
Microsoft Visual Studio Solution File, Format Version 12.00
# Visual Studio Version 16
VisualStudioVersion = 16.0.31729.503
MinimumVisualStudioVersion = 10.0.40219.1
Project("{9A19103F-16F7-4668-BE54-9A1E7A4F7556}") = "Command.API", "Command.API\Command.API.csproj", "{24B7BF97-112E-4D3D-8ABE-6E25DAB0DCF1}"
EndProject
Project("{9A19103F-16F7-4668-BE54-9A1E7A4F7556}") = "CommandManagement", "CommandManagement\CommandManagement.csproj", "{9117AA37-03D5-4FA3-A1AE-2768E351EA4E}"
EndProject
Project("{9A19103F-16F7-4668-BE54-9A1E7A4F7556}") = "Core", "Core\Core.csproj", "{790C0A1B-5A85-42EE-A8F8-4CE1A72EFC4F}"
EndProject
Project("{9A19103F-16F7-4668-BE54-9A1E7A4F7556}") = "LibCMS", "LibCMS\LibCMS.csproj", "{C49CC10E-B5B0-4E04-8C3D-C4B7B7404A1F}"
EndProject
Project("{9A19103F-16F7-4668-BE54-9A1E7A4F7556}") = "Query.API", "Query.API\Query.API.csproj", "{18D9FA61-1A03-4F61-9971-4A3CCCC94FE1}"
EndProject
Project("{9A19103F-16F7-4668-BE54-9A1E7A4F7556}") = "QueryManagement", "QueryManagement\QueryManagement.csproj", "{8D98F52C-688D-4EE2-BA3F-B0862E64E533}"
EndProject
Global
	GlobalSection(SolutionConfigurationPlatforms) = preSolution
		Debug|Any CPU = Debug|Any CPU
		Release|Any CPU = Release|Any CPU
	EndGlobalSection
	GlobalSection(ProjectConfigurationPlatforms) = postSolution
		{24B7BF97-112E-4D3D-8ABE-6E25DAB0DCF1}.Debug|Any CPU.ActiveCfg = Debug|Any CPU
		{24B7BF97-112E-4D3D-8ABE-6E25DAB0DCF1}.Debug|Any CPU.Build.0 = Debug|Any CPU
		{24B7BF97-112E-4D3D-8ABE-6E25DAB0DCF1}.Release|Any CPU.ActiveCfg = Release|Any CPU
		{24B7BF97-112E-4D3D-8ABE-6E25DAB0DCF1}.Release|Any CPU.Build.0 = Release|Any CPU
		{9117AA37-03D5-4FA3-A1AE-2768E351EA4E}.Debug|Any CPU.ActiveCfg = Debug|Any CPU
		{9117AA37-03D5-4FA3-A1AE-2768E351EA4E}.Debug|Any CPU.Build.0 = Debug|Any CPU
		{9117AA37-03D5-4FA3-A1AE-2768E351EA4E}.Release|Any CPU.ActiveCfg = Release|Any CPU
		{9117AA37-03D5-4FA3-A1AE-2768E351EA4E}.Release|Any CPU.Build.0 = Release|Any CPU
		{790C0A1B-5A85-42EE-A8F8-4CE1A72EFC4F}.Debug|Any CPU.ActiveCfg = Debug|Any CPU
		{790C0A1B-5A85-42EE-A8F8-4CE1A72EFC4F}.Debug|Any CPU.Build.0 = Debug|Any CPU
		{790C0A1B-5A85-42EE-A8F8-4CE1A72EFC4F}.Release|Any CPU.ActiveCfg = Release|Any CPU
		{790C0A1B-5A85-42EE-A8F8-4CE1A72EFC4F}.Release|Any CPU.Build.0 = Release|Any CPU
		{C49CC10E-B5B0-4E04-8C3D-C4B7B7404A1F}.Debug|Any CPU.ActiveCfg = Debug|Any CPU
		{C49CC10E-B5B0-4E04-8C3D-C4B7B7404A1F}.Debug|Any CPU.Build.0 = Debug|Any CPU
		{C49CC10E-B5B0-4E04-8C3D-C4B7B7404A1F}.Release|Any CPU.ActiveCfg = Release|Any CPU
		{C49CC10E-B5B0-4E04-8C3D-C4B7B7404A1F}.Release|Any CPU.Build.0 = Release|Any CPU
		{18D9FA61-1A03-4F61-9971-4A3CCCC94FE1}.Debug|Any CPU.ActiveCfg = Debug|Any CPU
		{18D9FA61-1A03-4F61-9971-4A3CCCC94FE1}.Debug|Any CPU.Build.0 = Debug|Any CPU
		{18D9FA61-1A03-4F61-9971-4A3CCCC94FE1}.Release|Any CPU.ActiveCfg = Release|Any CPU
		{18D9FA61-1A03-4F61-9971-4A3CCCC94FE1}.Release|Any CPU.Build.0 = Release|Any CPU
		{8D98F52C-688D-4EE2-BA3F-B0862E64E533}.Debug|Any CPU.ActiveCfg = Debug|Any CPU
		{8D98F52C-688D-4EE2-BA3F-B0862E64E533}.Debug|Any CPU.Build.0 = Debug|Any CPU
		{8D98F52C-688D-4EE2-BA3F-B0862E64E533}.Release|Any CPU.ActiveCfg = Release|Any CPU
		{8D98F52C-688D-4EE2-BA3F-B0862E64E533}.Release|Any CPU.Build.0 = Release|Any CPU
	EndGlobalSection
	GlobalSection(SolutionProperties) = preSolution
		HideSolutionNode = FALSE
	EndGlobalSection
	GlobalSection(ExtensibilityGlobals) = postSolution
		SolutionGuid = {52A6F3A2-F504-4AAD-86A5-ECC4C7F65D81}
	EndGlobalSection
EndGlobal
